
Microsoft Visual Studio Solution File, Format Version 12.00
# Visual Studio 15
VisualStudioVersion = 15.0.27004.2002
MinimumVisualStudioVersion = 10.0.40219.1
Project("{9A19103F-16F7-4668-BE54-9A1E7A4F7556}") = "JT808DataServer", "DataGateway\JT808DataServer.csproj", "{1F331AE8-2BF3-4F80-B226-3268C9817F3A}"
EndProject
Global
	GlobalSection(SolutionConfigurationPlatforms) = preSolution
		Debug|Any CPU = Debug|Any CPU
		Release|Any CPU = Release|Any CPU
	EndGlobalSection
	GlobalSection(ProjectConfigurationPlatforms) = postSolution
		{1F331AE8-2BF3-4F80-B226-3268C9817F3A}.Debug|Any CPU.ActiveCfg = Debug|Any CPU
		{1F331AE8-2BF3-4F80-B226-3268C9817F3A}.Debug|Any CPU.Build.0 = Debug|Any CPU
		{1F331AE8-2BF3-4F80-B226-3268C9817F3A}.Release|Any CPU.ActiveCfg = Release|Any CPU
		{1F331AE8-2BF3-4F80-B226-3268C9817F3A}.Release|Any CPU.Build.0 = Release|Any CPU
	EndGlobalSection
	GlobalSection(SolutionProperties) = preSolution
		HideSolutionNode = FALSE
	EndGlobalSection
	GlobalSection(ExtensibilityGlobals) = postSolution
		SolutionGuid = {65728E46-F6F1-4DD8-85FC-2B88B6F7A319}
	EndGlobalSection
EndGlobal
